{
  "requires": true,
  "lockfileVersion": 1,
  "dependencies": {
    "classnames": {
      "version": "2.2.6",
      "resolved": "https://registry.npmjs.org/classnames/-/classnames-2.2.6.tgz",
      "integrity": "sha512-JR/iSQOSt+LQIWwrwEzJ9uk0xfN3mTVYMwt1Ir5mUcSN6pU+V4zQFFaJsclJbPuAUQH+yfWef6tm7l1quW3C8Q=="
    },
    "react-toggle": {
      "version": "4.1.1",
      "resolved": "https://registry.npmjs.org/react-toggle/-/react-toggle-4.1.1.tgz",
      "integrity": "sha512-+wXlMcSpg8SmnIXauMaZiKpR+r2wp2gMUteroejp2UTSqGTVvZLN+m9EhMzFARBKEw7KpQOwzCyfzeHeAndQGw==",
      "requires": {
        "classnames": "^2.2.5"
      }
    }
  }
}
